
Microsoft Visual Studio Solution File, Format Version 12.00
# Visual Studio Version 16
VisualStudioVersion = 16.0.29521.150
MinimumVisualStudioVersion = 10.0.40219.1
Project("{FAE04EC0-301F-11D3-BF4B-00C04F79EFBC}") = "ConsoleApp", "ConsoleApp\ConsoleApp.csproj", "{0DBEE687-6566-473C-A2B5-B22499F956D9}"
EndProject
Global
	GlobalSection(SolutionConfigurationPlatforms) = preSolution
		Debug|Any CPU = Debug|Any CPU
		Release|Any CPU = Release|Any CPU
	EndGlobalSection
	GlobalSection(ProjectConfigurationPlatforms) = postSolution
		{993A4DDD-F763-4199-B4A6-9DCBB2880A1D}.Debug|Any CPU.ActiveCfg = Debug|Any CPU
		{993A4DDD-F763-4199-B4A6-9DCBB2880A1D}.Debug|Any CPU.Build.0 = Debug|Any CPU
		{993A4DDD-F763-4199-B4A6-9DCBB2880A1D}.Release|Any CPU.ActiveCfg = Release|Any CPU
		{993A4DDD-F763-4199-B4A6-9DCBB2880A1D}.Release|Any CPU.Build.0 = Release|Any CPU
		{0DBEE687-6566-473C-A2B5-B22499F956D9}.Debug|Any CPU.ActiveCfg = Debug|Any CPU
		{0DBEE687-6566-473C-A2B5-B22499F956D9}.Debug|Any CPU.Build.0 = Debug|Any CPU
		{0DBEE687-6566-473C-A2B5-B22499F956D9}.Release|Any CPU.ActiveCfg = Release|Any CPU
		{0DBEE687-6566-473C-A2B5-B22499F956D9}.Release|Any CPU.Build.0 = Release|Any CPU
	EndGlobalSection
	GlobalSection(SolutionProperties) = preSolution
		HideSolutionNode = FALSE
	EndGlobalSection
	GlobalSection(ExtensibilityGlobals) = postSolution
		SolutionGuid = {CA4A16B5-3AD3-412C-9BF1-9712103864AB}
	EndGlobalSection
EndGlobal
